
Microsoft Visual Studio Solution File, Format Version 12.00
# Visual Studio 15
VisualStudioVersion = 15.0.28307.421
MinimumVisualStudioVersion = 10.0.40219.1
Project("{FAE04EC0-301F-11D3-BF4B-00C04F79EFBC}") = "Serial_Protocol_USB", "Serial_Protocol_USB\Serial_Protocol_USB.csproj", "{F2372C32-4DE2-446F-8DA1-91EBA603790D}"
EndProject
Global
	GlobalSection(SolutionConfigurationPlatforms) = preSolution
		Debug|Any CPU = Debug|Any CPU
		Release|Any CPU = Release|Any CPU
	EndGlobalSection
	GlobalSection(ProjectConfigurationPlatforms) = postSolution
		{F2372C32-4DE2-446F-8DA1-91EBA603790D}.Debug|Any CPU.ActiveCfg = Debug|Any CPU
		{F2372C32-4DE2-446F-8DA1-91EBA603790D}.Debug|Any CPU.Build.0 = Debug|Any CPU
		{F2372C32-4DE2-446F-8DA1-91EBA603790D}.Release|Any CPU.ActiveCfg = Release|Any CPU
		{F2372C32-4DE2-446F-8DA1-91EBA603790D}.Release|Any CPU.Build.0 = Release|Any CPU
	EndGlobalSection
	GlobalSection(SolutionProperties) = preSolution
		HideSolutionNode = FALSE
	EndGlobalSection
	GlobalSection(ExtensibilityGlobals) = postSolution
		SolutionGuid = {8582559B-5887-47D7-BE86-A62E0A5BD470}
	EndGlobalSection
EndGlobal
